{
  "version": 4,
  "terraform_version": "1.4.5",
  "serial": 14,
  "lineage": "5467850c-620c-201d-775a-fcc6fe692b09",
  "outputs": {
    "data-source-result": {
      "value": "This is a test from tfvars",
      "type": "string"
    },
    "id-file": {
      "value": "55bcc279307ab33b554ebd659ff07a75e9684333",
      "type": "string"
    },
    "id-file-content": {
      "value": "This is a test from tfvars",
      "type": "string"
    }
  },
  "resources": [
    {
      "mode": "data",
      "type": "local_file",
      "name": "example-content",
      "provider": "provider[\"registry.terraform.io/hashicorp/local\"]",
      "instances": [
        {
          "schema_version": 0,
          "attributes": {
            "content": "This is a test from tfvars",
            "content_base64": "VGhpcyBpcyBhIHRlc3QgZnJvbSB0ZnZhcnM=",
            "content_base64sha256": "K8tJN9NarSVOV0sUhHzUcdo98Zl1iyhN53UNlaCb4sU=",
            "content_base64sha512": "O4/lzH5xDB+P4r43qVCvMy1IZk+ONbizte2J8hdLUSQxqLk/EHE22QRZHKatQZM1EPfVi9h9PFPkE4bXF3UZ+A==",
            "content_md5": "7c2203ab2821a70acc4470397337d7f4",
            "content_sha1": "55bcc279307ab33b554ebd659ff07a75e9684333",
            "content_sha256": "2bcb4937d35aad254e574b14847cd471da3df199758b284de7750d95a09be2c5",
            "content_sha512": "3b8fe5cc7e710c1f8fe2be37a950af332d48664f8e35b8b3b5ed89f2174b512431a8b93f107136d904591ca6ad41933510f7d58bd87d3c53e41386d7177519f8",
            "filename": "example.txt",
            "id": "55bcc279307ab33b554ebd659ff07a75e9684333"
          },
          "sensitive_attributes": []
        }
      ]
    },
    {
      "mode": "managed",
      "type": "local_file",
      "name": "example",
      "provider": "provider[\"registry.terraform.io/hashicorp/local\"]",
      "instances": [
        {
          "schema_version": 0,
          "attributes": {
            "content": "This is a test from tfvars",
            "content_base64": null,
            "content_base64sha256": "K8tJN9NarSVOV0sUhHzUcdo98Zl1iyhN53UNlaCb4sU=",
            "content_base64sha512": "O4/lzH5xDB+P4r43qVCvMy1IZk+ONbizte2J8hdLUSQxqLk/EHE22QRZHKatQZM1EPfVi9h9PFPkE4bXF3UZ+A==",
            "content_md5": "7c2203ab2821a70acc4470397337d7f4",
            "content_sha1": "55bcc279307ab33b554ebd659ff07a75e9684333",
            "content_sha256": "2bcb4937d35aad254e574b14847cd471da3df199758b284de7750d95a09be2c5",
            "content_sha512": "3b8fe5cc7e710c1f8fe2be37a950af332d48664f8e35b8b3b5ed89f2174b512431a8b93f107136d904591ca6ad41933510f7d58bd87d3c53e41386d7177519f8",
            "directory_permission": "0777",
            "file_permission": "0777",
            "filename": "example.txt",
            "id": "55bcc279307ab33b554ebd659ff07a75e9684333",
            "sensitive_content": null,
            "source": null
          },
          "sensitive_attributes": []
        }
      ]
    }
  ],
  "check_results": null
}
